
Microsoft Visual Studio Solution File, Format Version 12.00
# Visual Studio Version 17
VisualStudioVersion = 17.7.34202.233
MinimumVisualStudioVersion = 10.0.40219.1
Project("{FAE04EC0-301F-11D3-BF4B-00C04F79EFBC}") = "consumer2", "consumer2.csproj", "{DB150A1D-AE96-4090-8CFA-F271028B3394}"
EndProject
Global
	GlobalSection(SolutionConfigurationPlatforms) = preSolution
		Debug|Any CPU = Debug|Any CPU
		Release|Any CPU = Release|Any CPU
	EndGlobalSection
	GlobalSection(ProjectConfigurationPlatforms) = postSolution
		{DB150A1D-AE96-4090-8CFA-F271028B3394}.Debug|Any CPU.ActiveCfg = Debug|Any CPU
		{DB150A1D-AE96-4090-8CFA-F271028B3394}.Debug|Any CPU.Build.0 = Debug|Any CPU
		{DB150A1D-AE96-4090-8CFA-F271028B3394}.Release|Any CPU.ActiveCfg = Release|Any CPU
		{DB150A1D-AE96-4090-8CFA-F271028B3394}.Release|Any CPU.Build.0 = Release|Any CPU
	EndGlobalSection
	GlobalSection(SolutionProperties) = preSolution
		HideSolutionNode = FALSE
	EndGlobalSection
	GlobalSection(ExtensibilityGlobals) = postSolution
		SolutionGuid = {F654A008-28F1-4F21-BCE9-16C6B387A1B7}
	EndGlobalSection
EndGlobal
